
Microsoft Visual Studio Solution File, Format Version 12.00
# Visual Studio Version 16
VisualStudioVersion = 16.0.28917.181
MinimumVisualStudioVersion = 10.0.40219.1
Project("{FAE04EC0-301F-11D3-BF4B-00C04F79EFBC}") = "ProductRecomendation", "ProductRecomendation\ProductRecomendation.csproj", "{1CDF276D-ED5C-4FC0-AAAD-CEDD62BA91FD}"
EndProject
Global
	GlobalSection(SolutionConfigurationPlatforms) = preSolution
		Debug|Any CPU = Debug|Any CPU
		Release|Any CPU = Release|Any CPU
	EndGlobalSection
	GlobalSection(ProjectConfigurationPlatforms) = postSolution
		{1CDF276D-ED5C-4FC0-AAAD-CEDD62BA91FD}.Debug|Any CPU.ActiveCfg = Debug|Any CPU
		{1CDF276D-ED5C-4FC0-AAAD-CEDD62BA91FD}.Debug|Any CPU.Build.0 = Debug|Any CPU
		{1CDF276D-ED5C-4FC0-AAAD-CEDD62BA91FD}.Release|Any CPU.ActiveCfg = Release|Any CPU
		{1CDF276D-ED5C-4FC0-AAAD-CEDD62BA91FD}.Release|Any CPU.Build.0 = Release|Any CPU
	EndGlobalSection
	GlobalSection(SolutionProperties) = preSolution
		HideSolutionNode = FALSE
	EndGlobalSection
	GlobalSection(ExtensibilityGlobals) = postSolution
		SolutionGuid = {F318BC70-B594-4918-AF33-8B19675D9B7B}
	EndGlobalSection
EndGlobal
